
Microsoft Visual Studio Solution File, Format Version 12.00
# Visual Studio Version 17
VisualStudioVersion = 17.1.32328.378
MinimumVisualStudioVersion = 10.0.40219.1
Project("{FAE04EC0-301F-11D3-BF4B-00C04F79EFBC}") = "MessageRabbitMQ", "MessageRabbitMQ\MessageRabbitMQ.csproj", "{F5617CD1-B538-453D-8A9C-204DF35965DE}"
EndProject
Project("{FAE04EC0-301F-11D3-BF4B-00C04F79EFBC}") = "MesssageApacheKafka", "MesssageApacheKafka\MesssageApacheKafka.csproj", "{D36194BA-448E-4F1B-99A6-2A81837BFD6F}"
EndProject
Project("{FAE04EC0-301F-11D3-BF4B-00C04F79EFBC}") = "MessageAWS-SQS", "MessageAWS-SQS\MessageAWS-SQS.csproj", "{AA89E03B-AA96-4828-80FC-AAA52F9DB643}"
EndProject
Project("{FAE04EC0-301F-11D3-BF4B-00C04F79EFBC}") = "MessageAWS-SNS", "MessageAWS-SNS\MessageAWS-SNS.csproj", "{38F2DEFA-B5FD-42F4-A189-4707077789BF}"
EndProject
Global
	GlobalSection(SolutionConfigurationPlatforms) = preSolution
		Debug|Any CPU = Debug|Any CPU
		Release|Any CPU = Release|Any CPU
	EndGlobalSection
	GlobalSection(ProjectConfigurationPlatforms) = postSolution
		{F5617CD1-B538-453D-8A9C-204DF35965DE}.Debug|Any CPU.ActiveCfg = Debug|Any CPU
		{F5617CD1-B538-453D-8A9C-204DF35965DE}.Debug|Any CPU.Build.0 = Debug|Any CPU
		{F5617CD1-B538-453D-8A9C-204DF35965DE}.Release|Any CPU.ActiveCfg = Release|Any CPU
		{F5617CD1-B538-453D-8A9C-204DF35965DE}.Release|Any CPU.Build.0 = Release|Any CPU
		{D36194BA-448E-4F1B-99A6-2A81837BFD6F}.Debug|Any CPU.ActiveCfg = Debug|Any CPU
		{D36194BA-448E-4F1B-99A6-2A81837BFD6F}.Debug|Any CPU.Build.0 = Debug|Any CPU
		{D36194BA-448E-4F1B-99A6-2A81837BFD6F}.Release|Any CPU.ActiveCfg = Release|Any CPU
		{D36194BA-448E-4F1B-99A6-2A81837BFD6F}.Release|Any CPU.Build.0 = Release|Any CPU
		{AA89E03B-AA96-4828-80FC-AAA52F9DB643}.Debug|Any CPU.ActiveCfg = Debug|Any CPU
		{AA89E03B-AA96-4828-80FC-AAA52F9DB643}.Debug|Any CPU.Build.0 = Debug|Any CPU
		{AA89E03B-AA96-4828-80FC-AAA52F9DB643}.Release|Any CPU.ActiveCfg = Release|Any CPU
		{AA89E03B-AA96-4828-80FC-AAA52F9DB643}.Release|Any CPU.Build.0 = Release|Any CPU
		{38F2DEFA-B5FD-42F4-A189-4707077789BF}.Debug|Any CPU.ActiveCfg = Debug|Any CPU
		{38F2DEFA-B5FD-42F4-A189-4707077789BF}.Debug|Any CPU.Build.0 = Debug|Any CPU
		{38F2DEFA-B5FD-42F4-A189-4707077789BF}.Release|Any CPU.ActiveCfg = Release|Any CPU
		{38F2DEFA-B5FD-42F4-A189-4707077789BF}.Release|Any CPU.Build.0 = Release|Any CPU
	EndGlobalSection
	GlobalSection(SolutionProperties) = preSolution
		HideSolutionNode = FALSE
	EndGlobalSection
	GlobalSection(ExtensibilityGlobals) = postSolution
		SolutionGuid = {96B63692-A437-474D-97B0-C55647AE9419}
	EndGlobalSection
EndGlobal
